
Microsoft Visual Studio Solution File, Format Version 12.00
# Visual Studio Version 16
VisualStudioVersion = 16.0.29001.49
MinimumVisualStudioVersion = 10.0.40219.1
Project("{2150E333-8FDC-42A3-9474-1A3956D46DE8}") = "Tests", "Tests", "{5C2A527E-0639-46CE-8DE5-225883B09579}"
EndProject
Project("{2150E333-8FDC-42A3-9474-1A3956D46DE8}") = "Files", "Files", "{735BA9C1-6C1A-46C1-A778-C0EDF3CB7B24}"
EndProject
Project("{9A19103F-16F7-4668-BE54-9A1E7A4F7556}") = "FiscalBr.Dimob", "FiscalBr.Dimob\FiscalBr.Dimob.csproj", "{DC44AD0F-11C3-4A89-BF61-978D736AE6D7}"
EndProject
Project("{9A19103F-16F7-4668-BE54-9A1E7A4F7556}") = "FiscalBr.Common", "FiscalBr.Common\FiscalBr.Common.csproj", "{894EE71E-A312-4829-A577-2C67F1807F11}"
EndProject
Project("{FAE04EC0-301F-11D3-BF4B-00C04F79EFBC}") = "FiscalBr.Sintegra", "FiscalBr.Sintegra\FiscalBr.Sintegra.csproj", "{79DF89B3-4320-4EBD-8CE0-CA71DDAADD71}"
EndProject
Project("{FAE04EC0-301F-11D3-BF4B-00C04F79EFBC}") = "FiscalBr.EFDContribuicoes", "FiscalBr.EFDContribuicoes\FiscalBr.EFDContribuicoes.csproj", "{39E2E5E4-9E1F-4851-9C3D-3682F5745B0A}"
EndProject
Project("{FAE04EC0-301F-11D3-BF4B-00C04F79EFBC}") = "FiscalBr.EFDFiscal", "FiscalBr.EFDFiscal\FiscalBr.EFDFiscal.csproj", "{364FF184-CB48-4B25-8509-0A309EF3D3AF}"
EndProject
Project("{FAE04EC0-301F-11D3-BF4B-00C04F79EFBC}") = "FiscalBr.ECF", "FiscalBr.ECF\FiscalBr.ECF.csproj", "{249CEE6E-0C57-467D-8DCB-4D30CE6435EE}"
EndProject
Global
	GlobalSection(SolutionConfigurationPlatforms) = preSolution
		Debug|Any CPU = Debug|Any CPU
		Release|Any CPU = Release|Any CPU
	EndGlobalSection
	GlobalSection(ProjectConfigurationPlatforms) = postSolution
		{DC44AD0F-11C3-4A89-BF61-978D736AE6D7}.Debug|Any CPU.ActiveCfg = Debug|Any CPU
		{DC44AD0F-11C3-4A89-BF61-978D736AE6D7}.Debug|Any CPU.Build.0 = Debug|Any CPU
		{DC44AD0F-11C3-4A89-BF61-978D736AE6D7}.Release|Any CPU.ActiveCfg = Release|Any CPU
		{DC44AD0F-11C3-4A89-BF61-978D736AE6D7}.Release|Any CPU.Build.0 = Release|Any CPU
		{894EE71E-A312-4829-A577-2C67F1807F11}.Debug|Any CPU.ActiveCfg = Debug|Any CPU
		{894EE71E-A312-4829-A577-2C67F1807F11}.Debug|Any CPU.Build.0 = Debug|Any CPU
		{894EE71E-A312-4829-A577-2C67F1807F11}.Release|Any CPU.ActiveCfg = Release|Any CPU
		{894EE71E-A312-4829-A577-2C67F1807F11}.Release|Any CPU.Build.0 = Release|Any CPU
		{79DF89B3-4320-4EBD-8CE0-CA71DDAADD71}.Debug|Any CPU.ActiveCfg = Debug|Any CPU
		{79DF89B3-4320-4EBD-8CE0-CA71DDAADD71}.Debug|Any CPU.Build.0 = Debug|Any CPU
		{79DF89B3-4320-4EBD-8CE0-CA71DDAADD71}.Release|Any CPU.ActiveCfg = Release|Any CPU
		{79DF89B3-4320-4EBD-8CE0-CA71DDAADD71}.Release|Any CPU.Build.0 = Release|Any CPU
		{39E2E5E4-9E1F-4851-9C3D-3682F5745B0A}.Debug|Any CPU.ActiveCfg = Debug|Any CPU
		{39E2E5E4-9E1F-4851-9C3D-3682F5745B0A}.Debug|Any CPU.Build.0 = Debug|Any CPU
		{39E2E5E4-9E1F-4851-9C3D-3682F5745B0A}.Release|Any CPU.ActiveCfg = Release|Any CPU
		{39E2E5E4-9E1F-4851-9C3D-3682F5745B0A}.Release|Any CPU.Build.0 = Release|Any CPU
		{364FF184-CB48-4B25-8509-0A309EF3D3AF}.Debug|Any CPU.ActiveCfg = Debug|Any CPU
		{364FF184-CB48-4B25-8509-0A309EF3D3AF}.Debug|Any CPU.Build.0 = Debug|Any CPU
		{364FF184-CB48-4B25-8509-0A309EF3D3AF}.Release|Any CPU.ActiveCfg = Release|Any CPU
		{364FF184-CB48-4B25-8509-0A309EF3D3AF}.Release|Any CPU.Build.0 = Release|Any CPU
		{249CEE6E-0C57-467D-8DCB-4D30CE6435EE}.Debug|Any CPU.ActiveCfg = Debug|Any CPU
		{249CEE6E-0C57-467D-8DCB-4D30CE6435EE}.Debug|Any CPU.Build.0 = Debug|Any CPU
		{249CEE6E-0C57-467D-8DCB-4D30CE6435EE}.Release|Any CPU.ActiveCfg = Release|Any CPU
		{249CEE6E-0C57-467D-8DCB-4D30CE6435EE}.Release|Any CPU.Build.0 = Release|Any CPU
	EndGlobalSection
	GlobalSection(SolutionProperties) = preSolution
		HideSolutionNode = FALSE
	EndGlobalSection
	GlobalSection(NestedProjects) = preSolution
		{DC44AD0F-11C3-4A89-BF61-978D736AE6D7} = {735BA9C1-6C1A-46C1-A778-C0EDF3CB7B24}
		{79DF89B3-4320-4EBD-8CE0-CA71DDAADD71} = {735BA9C1-6C1A-46C1-A778-C0EDF3CB7B24}
		{39E2E5E4-9E1F-4851-9C3D-3682F5745B0A} = {735BA9C1-6C1A-46C1-A778-C0EDF3CB7B24}
		{364FF184-CB48-4B25-8509-0A309EF3D3AF} = {735BA9C1-6C1A-46C1-A778-C0EDF3CB7B24}
		{249CEE6E-0C57-467D-8DCB-4D30CE6435EE} = {735BA9C1-6C1A-46C1-A778-C0EDF3CB7B24}
	EndGlobalSection
	GlobalSection(ExtensibilityGlobals) = postSolution
		SolutionGuid = {511C924A-7BB5-4584-869C-2DB665C8F326}
	EndGlobalSection
EndGlobal
